Microsoft Visual Studio Solution File, Format Version 12.00
# Visual Studio Version 18
VisualStudioVersion = 18.1.11312.151
MinimumVisualStudioVersion = 10.0.40219.1
Project("{2150E333-8FDC-42A3-9474-1A3956D46DE8}") = "Servers", "Servers", "{2897D64A-CDED-4185-AFFF-14B1A7DD6BFB}"
EndProject
Project("{9A19103F-16F7-4668-BE54-9A1E7A4F7556}") = "APIServer", "src\FrontEndWeb\APIServer.csproj", "{FC943B33-7705-4364-A1AA-BF3D8FD975B4}"
EndProject
Project("{2150E333-8FDC-42A3-9474-1A3956D46DE8}") = "Shared", "Shared", "{1F69ECB8-6F75-4A5C-8F72-94D69CA6F5EB}"
EndProject
Project("{9A19103F-16F7-4668-BE54-9A1E7A4F7556}") = "Shared.Server", "src\Shared\Shared.Server\Shared.Server.csproj", "{696D2D40-9EE2-493B-938D-347C58BD5EBE}"
EndProject
Project("{9A19103F-16F7-4668-BE54-9A1E7A4F7556}") = "Shared.Repository", "src\Shared\Shared.Repository\Shared.Repository.csproj", "{DE8DD670-6441-4A4A-B414-6B041322909D}"
EndProject
Project("{2150E333-8FDC-42A3-9474-1A3956D46DE8}") = "Solution Items", "Solution Items", "{0BD72BEA-EF42-4B72-8B69-12A39EC76FBA}"
	ProjectSection(SolutionItems) = preProject
		.editorconfig = .editorconfig
	EndProjectSection
EndProject
Project("{E53339B2-1760-4266-BCC7-CA923CBCF16C}") = "docker-compose", "docker-compose.dcproj", "{1FCBE191-34FE-4B2E-8915-CA81553958AD}"
EndProject
Project("{9A19103F-16F7-4668-BE54-9A1E7A4F7556}") = "TestConsoleApp", "test\TestConsoleApp\TestConsoleApp.csproj", "{101C2522-E548-4E15-88F1-BB8E8F3E34B3}"
EndProject
Project("{2150E333-8FDC-42A3-9474-1A3956D46DE8}") = "Test", "Test", "{A1393F95-5624-4C72-AA00-FA3F87A6A176}"
EndProject
Project("{9A19103F-16F7-4668-BE54-9A1E7A4F7556}") = "Shared.Clock", "src\Shared\Shared.Clock\Shared.Clock.csproj", "{E42537AF-8074-46D1-ACFC-07742D6A4E21}"
EndProject
Project("{2150E333-8FDC-42A3-9474-1A3956D46DE8}") = "Packet", "Packet", "{F45F68C6-FF7F-48A0-AC5E-458E55241B42}"
EndProject
Project("{2150E333-8FDC-42A3-9474-1A3956D46DE8}") = "Db", "Db", "{802AB04C-81DD-4A7D-BD09-74A930B44263}"
EndProject
Project("{2150E333-8FDC-42A3-9474-1A3956D46DE8}") = "Common", "Common", "{D1C4FE4B-AC31-4DA1-9195-8202358A569D}"
EndProject
Project("{9A19103F-16F7-4668-BE54-9A1E7A4F7556}") = "Shared.Network", "src\Shared\Shared.Network\Shared.Network.csproj", "{11D67863-5B90-4F23-87DB-6FCC1C946EBD}"
EndProject
Project("{9A19103F-16F7-4668-BE54-9A1E7A4F7556}") = "Shared.Session", "src\Shared\Shared.Session\Shared.Session.csproj", "{81AD3E5E-2C5E-463A-9E58-46D0505AE33F}"
EndProject
Project("{9A19103F-16F7-4668-BE54-9A1E7A4F7556}") = "Shared.ServerApp", "src\Shared\Shared.ServerApp\Shared.ServerApp\Shared.ServerApp.csproj", "{FC2F10E4-81DC-47C9-AEF1-AD338856623A}"
EndProject
Project("{9A19103F-16F7-4668-BE54-9A1E7A4F7556}") = "Integration.Tests", "test\IntegrationTests\Integration.Tests.csproj", "{0A46ABDC-ABAA-4475-A960-FEEA583FFF7B}"
EndProject
Project("{9A19103F-16F7-4668-BE54-9A1E7A4F7556}") = "GateServer", "src\GateServer\GateServer.csproj", "{2971EC6A-C4A1-485F-BEA0-0BCEE04141A4}"
EndProject
Project("{9A19103F-16F7-4668-BE54-9A1E7A4F7556}") = "App.Migrations.MySQL", "src\App.Migrations.MySQL\App.Migrations.MySQL.csproj", "{B5EAF46F-CCA4-447F-BD62-971DFFECD7EE}"
EndProject
Project("{9A19103F-16F7-4668-BE54-9A1E7A4F7556}") = "App.Migrations.LocalDB", "src\App.Migrations.LocalDB\App.Migrations.LocalDB.csproj", "{FE8B7E69-FFFD-41EA-BA4F-C2266692251D}"
EndProject
Project("{9A19103F-16F7-4668-BE54-9A1E7A4F7556}") = "Benchmark", "test\Benchmark\Benchmark.csproj", "{E7724349-6522-498F-A964-BC511A4BE767}"
EndProject
Project("{9A19103F-16F7-4668-BE54-9A1E7A4F7556}") = "Shared.Packet.Client", "src\Shared\Shared.Packet.Client\Shared.Packet.Client.csproj", "{2FE3CBEC-AA59-47CC-B8DE-FE130CFE9FF1}"
EndProject
Project("{9A19103F-16F7-4668-BE54-9A1E7A4F7556}") = "Shared.TcpNetwork", "src\Shared\Shared.TcpNetwork\Shared.TcpNetwork.csproj", "{85A4B0C4-1663-4024-95B3-FAD296B9A2E3}"
EndProject
Project("{9A19103F-16F7-4668-BE54-9A1E7A4F7556}") = "Shared.Packet.Server", "src\Shared\Shared.Packet.Server\Shared.Packet.Server.csproj", "{8B238FF9-46AE-4E73-8E3F-945D64C243B1}"
EndProject
Project("{9A19103F-16F7-4668-BE54-9A1E7A4F7556}") = "Shared.CsvParser", "src\Shared\Shared.CsvParser\Shared.CsvParser.csproj", "{B98AB589-3887-4747-BF08-370F7A7F7773}"
EndProject
Project("{9A19103F-16F7-4668-BE54-9A1E7A4F7556}") = "AdminServer", "src\AdminServer\AdminServer.csproj", "{DAC77158-3FCF-470C-AFFF-A9775EB39EFC}"
EndProject
Project("{9A19103F-16F7-4668-BE54-9A1E7A4F7556}") = "ChatServer", "src\ChatServer\ChatServer.csproj", "{EA034227-001B-48AC-B0C0-596EEB6262E8}"
EndProject
Global
	GlobalSection(SolutionConfigurationPlatforms) = preSolution
		Debug|Any CPU = Debug|Any CPU
		Release|Any CPU = Release|Any CPU
		TestRelease|Any CPU = TestRelease|Any CPU
	EndGlobalSection
	GlobalSection(ProjectConfigurationPlatforms) = postSolution
		{FC943B33-7705-4364-A1AA-BF3D8FD975B4}.Debug|Any CPU.ActiveCfg = Debug|Any CPU
		{FC943B33-7705-4364-A1AA-BF3D8FD975B4}.Debug|Any CPU.Build.0 = Debug|Any CPU
		{FC943B33-7705-4364-A1AA-BF3D8FD975B4}.Release|Any CPU.ActiveCfg = Release|Any CPU
		{FC943B33-7705-4364-A1AA-BF3D8FD975B4}.Release|Any CPU.Build.0 = Release|Any CPU
		{FC943B33-7705-4364-A1AA-BF3D8FD975B4}.Release|Any CPU.Deploy.0 = Release|Any CPU
		{FC943B33-7705-4364-A1AA-BF3D8FD975B4}.TestRelease|Any CPU.ActiveCfg = TestRelease|Any CPU
		{FC943B33-7705-4364-A1AA-BF3D8FD975B4}.TestRelease|Any CPU.Build.0 = TestRelease|Any CPU
		{696D2D40-9EE2-493B-938D-347C58BD5EBE}.Debug|Any CPU.ActiveCfg = Debug|Any CPU
		{696D2D40-9EE2-493B-938D-347C58BD5EBE}.Debug|Any CPU.Build.0 = Debug|Any CPU
		{696D2D40-9EE2-493B-938D-347C58BD5EBE}.Release|Any CPU.ActiveCfg = Release|Any CPU
		{696D2D40-9EE2-493B-938D-347C58BD5EBE}.Release|Any CPU.Build.0 = Release|Any CPU
		{696D2D40-9EE2-493B-938D-347C58BD5EBE}.TestRelease|Any CPU.ActiveCfg = TestRelease|Any CPU
		{696D2D40-9EE2-493B-938D-347C58BD5EBE}.TestRelease|Any CPU.Build.0 = TestRelease|Any CPU
		{DE8DD670-6441-4A4A-B414-6B041322909D}.Debug|Any CPU.ActiveCfg = Debug|Any CPU
		{DE8DD670-6441-4A4A-B414-6B041322909D}.Debug|Any CPU.Build.0 = Debug|Any CPU
		{DE8DD670-6441-4A4A-B414-6B041322909D}.Release|Any CPU.ActiveCfg = Release|Any CPU
		{DE8DD670-6441-4A4A-B414-6B041322909D}.Release|Any CPU.Build.0 = Release|Any CPU
		{DE8DD670-6441-4A4A-B414-6B041322909D}.TestRelease|Any CPU.ActiveCfg = TestRelease|Any CPU
		{DE8DD670-6441-4A4A-B414-6B041322909D}.TestRelease|Any CPU.Build.0 = TestRelease|Any CPU
		{1FCBE191-34FE-4B2E-8915-CA81553958AD}.Debug|Any CPU.ActiveCfg = Debug|Any CPU
		{1FCBE191-34FE-4B2E-8915-CA81553958AD}.Release|Any CPU.ActiveCfg = Release|Any CPU
		{1FCBE191-34FE-4B2E-8915-CA81553958AD}.TestRelease|Any CPU.ActiveCfg = TestRelease|Any CPU
		{1FCBE191-34FE-4B2E-8915-CA81553958AD}.TestRelease|Any CPU.Build.0 = TestRelease|Any CPU
		{101C2522-E548-4E15-88F1-BB8E8F3E34B3}.Debug|Any CPU.ActiveCfg = Debug|Any CPU
		{101C2522-E548-4E15-88F1-BB8E8F3E34B3}.Debug|Any CPU.Build.0 = Debug|Any CPU
		{101C2522-E548-4E15-88F1-BB8E8F3E34B3}.Release|Any CPU.ActiveCfg = Release|Any CPU
		{101C2522-E548-4E15-88F1-BB8E8F3E34B3}.Release|Any CPU.Build.0 = Release|Any CPU
		{101C2522-E548-4E15-88F1-BB8E8F3E34B3}.TestRelease|Any CPU.ActiveCfg = TestRelease|Any CPU
		{101C2522-E548-4E15-88F1-BB8E8F3E34B3}.TestRelease|Any CPU.Build.0 = TestRelease|Any CPU
		{E42537AF-8074-46D1-ACFC-07742D6A4E21}.Debug|Any CPU.ActiveCfg = Debug|Any CPU
		{E42537AF-8074-46D1-ACFC-07742D6A4E21}.Debug|Any CPU.Build.0 = Debug|Any CPU
		{E42537AF-8074-46D1-ACFC-07742D6A4E21}.Release|Any CPU.ActiveCfg = Release|Any CPU
		{E42537AF-8074-46D1-ACFC-07742D6A4E21}.Release|Any CPU.Build.0 = Release|Any CPU
		{E42537AF-8074-46D1-ACFC-07742D6A4E21}.TestRelease|Any CPU.ActiveCfg = TestRelease|Any CPU
		{E42537AF-8074-46D1-ACFC-07742D6A4E21}.TestRelease|Any CPU.Build.0 = TestRelease|Any CPU
		{11D67863-5B90-4F23-87DB-6FCC1C946EBD}.Debug|Any CPU.ActiveCfg = Debug|Any CPU
		{11D67863-5B90-4F23-87DB-6FCC1C946EBD}.Debug|Any CPU.Build.0 = Debug|Any CPU
		{11D67863-5B90-4F23-87DB-6FCC1C946EBD}.Release|Any CPU.ActiveCfg = Release|Any CPU
		{11D67863-5B90-4F23-87DB-6FCC1C946EBD}.Release|Any CPU.Build.0 = Release|Any CPU
		{11D67863-5B90-4F23-87DB-6FCC1C946EBD}.TestRelease|Any CPU.ActiveCfg = Release|Any CPU
		{11D67863-5B90-4F23-87DB-6FCC1C946EBD}.TestRelease|Any CPU.Build.0 = Release|Any CPU
		{81AD3E5E-2C5E-463A-9E58-46D0505AE33F}.Debug|Any CPU.ActiveCfg = Debug|Any CPU
		{81AD3E5E-2C5E-463A-9E58-46D0505AE33F}.Debug|Any CPU.Build.0 = Debug|Any CPU
		{81AD3E5E-2C5E-463A-9E58-46D0505AE33F}.Release|Any CPU.ActiveCfg = Release|Any CPU
		{81AD3E5E-2C5E-463A-9E58-46D0505AE33F}.Release|Any CPU.Build.0 = Release|Any CPU
		{81AD3E5E-2C5E-463A-9E58-46D0505AE33F}.TestRelease|Any CPU.ActiveCfg = Release|Any CPU
		{81AD3E5E-2C5E-463A-9E58-46D0505AE33F}.TestRelease|Any CPU.Build.0 = Release|Any CPU
		{FC2F10E4-81DC-47C9-AEF1-AD338856623A}.Debug|Any CPU.ActiveCfg = Debug|Any CPU
		{FC2F10E4-81DC-47C9-AEF1-AD338856623A}.Debug|Any CPU.Build.0 = Debug|Any CPU
		{FC2F10E4-81DC-47C9-AEF1-AD338856623A}.Release|Any CPU.ActiveCfg = Release|Any CPU
		{FC2F10E4-81DC-47C9-AEF1-AD338856623A}.Release|Any CPU.Build.0 = Release|Any CPU
		{FC2F10E4-81DC-47C9-AEF1-AD338856623A}.TestRelease|Any CPU.ActiveCfg = Release|Any CPU
		{FC2F10E4-81DC-47C9-AEF1-AD338856623A}.TestRelease|Any CPU.Build.0 = Release|Any CPU
		{0A46ABDC-ABAA-4475-A960-FEEA583FFF7B}.Debug|Any CPU.ActiveCfg = Debug|Any CPU
		{0A46ABDC-ABAA-4475-A960-FEEA583FFF7B}.Debug|Any CPU.Build.0 = Debug|Any CPU
		{0A46ABDC-ABAA-4475-A960-FEEA583FFF7B}.Release|Any CPU.ActiveCfg = Release|Any CPU
		{0A46ABDC-ABAA-4475-A960-FEEA583FFF7B}.Release|Any CPU.Build.0 = Release|Any CPU
		{0A46ABDC-ABAA-4475-A960-FEEA583FFF7B}.TestRelease|Any CPU.ActiveCfg = Release|Any CPU
		{0A46ABDC-ABAA-4475-A960-FEEA583FFF7B}.TestRelease|Any CPU.Build.0 = Release|Any CPU
		{2971EC6A-C4A1-485F-BEA0-0BCEE04141A4}.Debug|Any CPU.ActiveCfg = Debug|Any CPU
		{2971EC6A-C4A1-485F-BEA0-0BCEE04141A4}.Debug|Any CPU.Build.0 = Debug|Any CPU
		{2971EC6A-C4A1-485F-BEA0-0BCEE04141A4}.Release|Any CPU.ActiveCfg = Release|Any CPU
		{2971EC6A-C4A1-485F-BEA0-0BCEE04141A4}.Release|Any CPU.Build.0 = Release|Any CPU
		{2971EC6A-C4A1-485F-BEA0-0BCEE04141A4}.Release|Any CPU.Deploy.0 = Release|Any CPU
		{2971EC6A-C4A1-485F-BEA0-0BCEE04141A4}.TestRelease|Any CPU.ActiveCfg = Debug|Any CPU
		{2971EC6A-C4A1-485F-BEA0-0BCEE04141A4}.TestRelease|Any CPU.Build.0 = Debug|Any CPU
		{B5EAF46F-CCA4-447F-BD62-971DFFECD7EE}.Debug|Any CPU.ActiveCfg = Debug|Any CPU
		{B5EAF46F-CCA4-447F-BD62-971DFFECD7EE}.Debug|Any CPU.Build.0 = Debug|Any CPU
		{B5EAF46F-CCA4-447F-BD62-971DFFECD7EE}.Release|Any CPU.ActiveCfg = Release|Any CPU
		{B5EAF46F-CCA4-447F-BD62-971DFFECD7EE}.Release|Any CPU.Build.0 = Release|Any CPU
		{B5EAF46F-CCA4-447F-BD62-971DFFECD7EE}.TestRelease|Any CPU.ActiveCfg = Debug|Any CPU
		{B5EAF46F-CCA4-447F-BD62-971DFFECD7EE}.TestRelease|Any CPU.Build.0 = Debug|Any CPU
		{FE8B7E69-FFFD-41EA-BA4F-C2266692251D}.Debug|Any CPU.ActiveCfg = Debug|Any CPU
		{FE8B7E69-FFFD-41EA-BA4F-C2266692251D}.Debug|Any CPU.Build.0 = Debug|Any CPU
		{FE8B7E69-FFFD-41EA-BA4F-C2266692251D}.Release|Any CPU.ActiveCfg = Release|Any CPU
		{FE8B7E69-FFFD-41EA-BA4F-C2266692251D}.Release|Any CPU.Build.0 = Release|Any CPU
		{FE8B7E69-FFFD-41EA-BA4F-C2266692251D}.TestRelease|Any CPU.ActiveCfg = Debug|Any CPU
		{FE8B7E69-FFFD-41EA-BA4F-C2266692251D}.TestRelease|Any CPU.Build.0 = Debug|Any CPU
		{E7724349-6522-498F-A964-BC511A4BE767}.Debug|Any CPU.ActiveCfg = Debug|Any CPU
		{E7724349-6522-498F-A964-BC511A4BE767}.Debug|Any CPU.Build.0 = Debug|Any CPU
		{E7724349-6522-498F-A964-BC511A4BE767}.Release|Any CPU.ActiveCfg = Release|Any CPU
		{E7724349-6522-498F-A964-BC511A4BE767}.Release|Any CPU.Build.0 = Release|Any CPU
		{E7724349-6522-498F-A964-BC511A4BE767}.TestRelease|Any CPU.ActiveCfg = Debug|Any CPU
		{E7724349-6522-498F-A964-BC511A4BE767}.TestRelease|Any CPU.Build.0 = Debug|Any CPU
		{2FE3CBEC-AA59-47CC-B8DE-FE130CFE9FF1}.Debug|Any CPU.ActiveCfg = Debug|Any CPU
		{2FE3CBEC-AA59-47CC-B8DE-FE130CFE9FF1}.Debug|Any CPU.Build.0 = Debug|Any CPU
		{2FE3CBEC-AA59-47CC-B8DE-FE130CFE9FF1}.Release|Any CPU.ActiveCfg = Release|Any CPU
		{2FE3CBEC-AA59-47CC-B8DE-FE130CFE9FF1}.Release|Any CPU.Build.0 = Release|Any CPU
		{2FE3CBEC-AA59-47CC-B8DE-FE130CFE9FF1}.TestRelease|Any CPU.ActiveCfg = Debug|Any CPU
		{2FE3CBEC-AA59-47CC-B8DE-FE130CFE9FF1}.TestRelease|Any CPU.Build.0 = Debug|Any CPU
		{85A4B0C4-1663-4024-95B3-FAD296B9A2E3}.Debug|Any CPU.ActiveCfg = Debug|Any CPU
		{85A4B0C4-1663-4024-95B3-FAD296B9A2E3}.Debug|Any CPU.Build.0 = Debug|Any CPU
		{85A4B0C4-1663-4024-95B3-FAD296B9A2E3}.Release|Any CPU.ActiveCfg = Release|Any CPU
		{85A4B0C4-1663-4024-95B3-FAD296B9A2E3}.Release|Any CPU.Build.0 = Release|Any CPU
		{85A4B0C4-1663-4024-95B3-FAD296B9A2E3}.TestRelease|Any CPU.ActiveCfg = Debug|Any CPU
		{85A4B0C4-1663-4024-95B3-FAD296B9A2E3}.TestRelease|Any CPU.Build.0 = Debug|Any CPU
		{8B238FF9-46AE-4E73-8E3F-945D64C243B1}.Debug|Any CPU.ActiveCfg = Debug|Any CPU
		{8B238FF9-46AE-4E73-8E3F-945D64C243B1}.Debug|Any CPU.Build.0 = Debug|Any CPU
		{8B238FF9-46AE-4E73-8E3F-945D64C243B1}.Release|Any CPU.ActiveCfg = Release|Any CPU
		{8B238FF9-46AE-4E73-8E3F-945D64C243B1}.Release|Any CPU.Build.0 = Release|Any CPU
		{8B238FF9-46AE-4E73-8E3F-945D64C243B1}.TestRelease|Any CPU.ActiveCfg = Debug|Any CPU
		{8B238FF9-46AE-4E73-8E3F-945D64C243B1}.TestRelease|Any CPU.Build.0 = Debug|Any CPU
		{B98AB589-3887-4747-BF08-370F7A7F7773}.Debug|Any CPU.ActiveCfg = Debug|Any CPU
		{B98AB589-3887-4747-BF08-370F7A7F7773}.Debug|Any CPU.Build.0 = Debug|Any CPU
		{B98AB589-3887-4747-BF08-370F7A7F7773}.Release|Any CPU.ActiveCfg = Release|Any CPU
		{B98AB589-3887-4747-BF08-370F7A7F7773}.Release|Any CPU.Build.0 = Release|Any CPU
		{B98AB589-3887-4747-BF08-370F7A7F7773}.TestRelease|Any CPU.ActiveCfg = Debug|Any CPU
		{B98AB589-3887-4747-BF08-370F7A7F7773}.TestRelease|Any CPU.Build.0 = Debug|Any CPU
		{DAC77158-3FCF-470C-AFFF-A9775EB39EFC}.Debug|Any CPU.ActiveCfg = Debug|Any CPU
		{DAC77158-3FCF-470C-AFFF-A9775EB39EFC}.Debug|Any CPU.Build.0 = Debug|Any CPU
		{DAC77158-3FCF-470C-AFFF-A9775EB39EFC}.Release|Any CPU.ActiveCfg = Release|Any CPU
		{DAC77158-3FCF-470C-AFFF-A9775EB39EFC}.Release|Any CPU.Build.0 = Release|Any CPU
		{DAC77158-3FCF-470C-AFFF-A9775EB39EFC}.TestRelease|Any CPU.ActiveCfg = Release|Any CPU
		{DAC77158-3FCF-470C-AFFF-A9775EB39EFC}.TestRelease|Any CPU.Build.0 = Release|Any CPU
		{EA034227-001B-48AC-B0C0-596EEB6262E8}.Debug|Any CPU.ActiveCfg = Debug|Any CPU
		{EA034227-001B-48AC-B0C0-596EEB6262E8}.Debug|Any CPU.Build.0 = Debug|Any CPU
		{EA034227-001B-48AC-B0C0-596EEB6262E8}.Release|Any CPU.ActiveCfg = Release|Any CPU
		{EA034227-001B-48AC-B0C0-596EEB6262E8}.Release|Any CPU.Build.0 = Release|Any CPU
		{EA034227-001B-48AC-B0C0-596EEB6262E8}.TestRelease|Any CPU.ActiveCfg = Release|Any CPU
		{EA034227-001B-48AC-B0C0-596EEB6262E8}.TestRelease|Any CPU.Build.0 = Release|Any CPU
	EndGlobalSection
	GlobalSection(SolutionProperties) = preSolution
		HideSolutionNode = FALSE
	EndGlobalSection
	GlobalSection(NestedProjects) = preSolution
		{FC943B33-7705-4364-A1AA-BF3D8FD975B4} = {2897D64A-CDED-4185-AFFF-14B1A7DD6BFB}
		{696D2D40-9EE2-493B-938D-347C58BD5EBE} = {1F69ECB8-6F75-4A5C-8F72-94D69CA6F5EB}
		{DE8DD670-6441-4A4A-B414-6B041322909D} = {802AB04C-81DD-4A7D-BD09-74A930B44263}
		{101C2522-E548-4E15-88F1-BB8E8F3E34B3} = {A1393F95-5624-4C72-AA00-FA3F87A6A176}
		{E42537AF-8074-46D1-ACFC-07742D6A4E21} = {D1C4FE4B-AC31-4DA1-9195-8202358A569D}
		{F45F68C6-FF7F-48A0-AC5E-458E55241B42} = {1F69ECB8-6F75-4A5C-8F72-94D69CA6F5EB}
		{802AB04C-81DD-4A7D-BD09-74A930B44263} = {1F69ECB8-6F75-4A5C-8F72-94D69CA6F5EB}
		{D1C4FE4B-AC31-4DA1-9195-8202358A569D} = {802AB04C-81DD-4A7D-BD09-74A930B44263}
		{11D67863-5B90-4F23-87DB-6FCC1C946EBD} = {F45F68C6-FF7F-48A0-AC5E-458E55241B42}
		{81AD3E5E-2C5E-463A-9E58-46D0505AE33F} = {1F69ECB8-6F75-4A5C-8F72-94D69CA6F5EB}
		{FC2F10E4-81DC-47C9-AEF1-AD338856623A} = {1F69ECB8-6F75-4A5C-8F72-94D69CA6F5EB}
		{0A46ABDC-ABAA-4475-A960-FEEA583FFF7B} = {A1393F95-5624-4C72-AA00-FA3F87A6A176}
		{2971EC6A-C4A1-485F-BEA0-0BCEE04141A4} = {2897D64A-CDED-4185-AFFF-14B1A7DD6BFB}
		{B5EAF46F-CCA4-447F-BD62-971DFFECD7EE} = {802AB04C-81DD-4A7D-BD09-74A930B44263}
		{FE8B7E69-FFFD-41EA-BA4F-C2266692251D} = {802AB04C-81DD-4A7D-BD09-74A930B44263}
		{E7724349-6522-498F-A964-BC511A4BE767} = {A1393F95-5624-4C72-AA00-FA3F87A6A176}
		{2FE3CBEC-AA59-47CC-B8DE-FE130CFE9FF1} = {F45F68C6-FF7F-48A0-AC5E-458E55241B42}
		{85A4B0C4-1663-4024-95B3-FAD296B9A2E3} = {F45F68C6-FF7F-48A0-AC5E-458E55241B42}
		{8B238FF9-46AE-4E73-8E3F-945D64C243B1} = {F45F68C6-FF7F-48A0-AC5E-458E55241B42}
		{B98AB589-3887-4747-BF08-370F7A7F7773} = {D1C4FE4B-AC31-4DA1-9195-8202358A569D}
		{DAC77158-3FCF-470C-AFFF-A9775EB39EFC} = {2897D64A-CDED-4185-AFFF-14B1A7DD6BFB}
		{EA034227-001B-48AC-B0C0-596EEB6262E8} = {2897D64A-CDED-4185-AFFF-14B1A7DD6BFB}
	EndGlobalSection
	GlobalSection(ExtensibilityGlobals) = postSolution
		SolutionGuid = {1D07F923-C7CC-442C-A086-78D031929D71}
	EndGlobalSection
EndGlobal
